
Microsoft Visual Studio Solution File, Format Version 12.00
# Visual Studio 2013
VisualStudioVersion = 12.0.21005.1
MinimumVisualStudioVersion = 10.0.40219.1
Project("{FAE04EC0-301F-11D3-BF4B-00C04F79EFBC}") = "HelloWorld4.PCL", "HelloWorld4.PCL/HelloWorld4.PCL.csproj", "{0257ef2d-b6f1-4a08-86c8-e24e52fda585}"
EndProject
Project("{FAE04EC0-301F-11D3-BF4B-00C04F79EFBC}") = "HelloWorld4.Tests", "HelloWorld4.Tests/HelloWorld4.Tests.csproj", "{e08c7432-9994-4da3-8114-49f6a377820e}"
EndProject
Global
    GlobalSection(SolutionConfigurationPlatforms) = preSolution
        Debug|Any CPU = Debug|Any CPU
        Release|Any CPU = Release|Any CPU
    EndGlobalSection
    GlobalSection(ProjectConfigurationPlatforms) = postSolution
        {0257ef2d-b6f1-4a08-86c8-e24e52fda585}.Debug|Any CPU.ActiveCfg = Debug|Any CPU
        {0257ef2d-b6f1-4a08-86c8-e24e52fda585}.Debug|Any CPU.Build.0 = Debug|Any CPU
        {0257ef2d-b6f1-4a08-86c8-e24e52fda585}.Release|Any CPU.ActiveCfg = Release|Any CPU
        {0257ef2d-b6f1-4a08-86c8-e24e52fda585}.Release|Any CPU.Build.0 = Release|Any CPU
        {e08c7432-9994-4da3-8114-49f6a377820e}.Debug|Any CPU.ActiveCfg = Debug|Any CPU
        {e08c7432-9994-4da3-8114-49f6a377820e}.Debug|Any CPU.Build.0 = Debug|Any CPU
        {e08c7432-9994-4da3-8114-49f6a377820e}.Release|Any CPU.ActiveCfg = Release|Any CPU
        {e08c7432-9994-4da3-8114-49f6a377820e}.Release|Any CPU.Build.0 = Release|Any CPU
    EndGlobalSection
    GlobalSection(SolutionProperties) = preSolution
        HideSolutionNode = FALSE
    EndGlobalSection
EndGlobal
